
Microsoft Visual Studio Solution File, Format Version 12.00
# Visual Studio 15
VisualStudioVersion = 15.0.28307.1082
MinimumVisualStudioVersion = 10.0.40219.1
Project("{FAE04EC0-301F-11D3-BF4B-00C04F79EFBC}") = "WebServiceClient", "WebServiceClient\WebServiceClient.csproj", "{9A741280-645D-4E30-90F2-13D63353E6BF}"
EndProject
Project("{FAE04EC0-301F-11D3-BF4B-00C04F79EFBC}") = "ClientReference", "ClientReference\ClientReference.csproj", "{409E9BF1-75A1-4DE0-A6A9-F72CD44175DB}"
EndProject
Global
	GlobalSection(SolutionConfigurationPlatforms) = preSolution
		Debug|Any CPU = Debug|Any CPU
		Release|Any CPU = Release|Any CPU
	EndGlobalSection
	GlobalSection(ProjectConfigurationPlatforms) = postSolution
		{9A741280-645D-4E30-90F2-13D63353E6BF}.Debug|Any CPU.ActiveCfg = Debug|Any CPU
		{9A741280-645D-4E30-90F2-13D63353E6BF}.Debug|Any CPU.Build.0 = Debug|Any CPU
		{9A741280-645D-4E30-90F2-13D63353E6BF}.Release|Any CPU.ActiveCfg = Release|Any CPU
		{9A741280-645D-4E30-90F2-13D63353E6BF}.Release|Any CPU.Build.0 = Release|Any CPU
		{409E9BF1-75A1-4DE0-A6A9-F72CD44175DB}.Debug|Any CPU.ActiveCfg = Debug|Any CPU
		{409E9BF1-75A1-4DE0-A6A9-F72CD44175DB}.Debug|Any CPU.Build.0 = Debug|Any CPU
		{409E9BF1-75A1-4DE0-A6A9-F72CD44175DB}.Release|Any CPU.ActiveCfg = Release|Any CPU
		{409E9BF1-75A1-4DE0-A6A9-F72CD44175DB}.Release|Any CPU.Build.0 = Release|Any CPU
	EndGlobalSection
	GlobalSection(SolutionProperties) = preSolution
		HideSolutionNode = FALSE
	EndGlobalSection
	GlobalSection(ExtensibilityGlobals) = postSolution
		SolutionGuid = {CBB8F47B-E1D6-4B3A-997D-2E600E279CDA}
	EndGlobalSection
EndGlobal
